
Microsoft Visual Studio Solution File, Format Version 12.00
# Visual Studio Version 16
VisualStudioVersion = 16.0.31321.278
MinimumVisualStudioVersion = 10.0.40219.1
Project("{9A19103F-16F7-4668-BE54-9A1E7A4F7556}") = "PheonixClient", "CommieClient\PheonixClient.csproj", "{03AD13BC-4499-4154-8F73-B6FBB7BD8629}"
EndProject
Global
	GlobalSection(SolutionConfigurationPlatforms) = preSolution
		Debug|Any CPU = Debug|Any CPU
		Debug|x86 = Debug|x86
		Release|Any CPU = Release|Any CPU
		Release|x86 = Release|x86
	EndGlobalSection
	GlobalSection(ProjectConfigurationPlatforms) = postSolution
		{03AD13BC-4499-4154-8F73-B6FBB7BD8629}.Debug|Any CPU.ActiveCfg = Debug|Any CPU
		{03AD13BC-4499-4154-8F73-B6FBB7BD8629}.Debug|Any CPU.Build.0 = Debug|Any CPU
		{03AD13BC-4499-4154-8F73-B6FBB7BD8629}.Debug|x86.ActiveCfg = Debug|Any CPU
		{03AD13BC-4499-4154-8F73-B6FBB7BD8629}.Debug|x86.Build.0 = Debug|Any CPU
		{03AD13BC-4499-4154-8F73-B6FBB7BD8629}.Release|Any CPU.ActiveCfg = Release|Any CPU
		{03AD13BC-4499-4154-8F73-B6FBB7BD8629}.Release|Any CPU.Build.0 = Release|Any CPU
		{03AD13BC-4499-4154-8F73-B6FBB7BD8629}.Release|x86.ActiveCfg = Release|Any CPU
		{03AD13BC-4499-4154-8F73-B6FBB7BD8629}.Release|x86.Build.0 = Release|Any CPU
	EndGlobalSection
	GlobalSection(SolutionProperties) = preSolution
		HideSolutionNode = FALSE
	EndGlobalSection
	GlobalSection(ExtensibilityGlobals) = postSolution
		SolutionGuid = {CA88B00B-7B56-4F45-883F-F910C0F74040}
	EndGlobalSection
EndGlobal
